
Microsoft Visual Studio Solution File, Format Version 12.00
# Visual Studio 15
VisualStudioVersion = 15.0.27004.2002
MinimumVisualStudioVersion = 10.0.40219.1
Project("{FAE04EC0-301F-11D3-BF4B-00C04F79EFBC}") = "GDAXClient", "GDAXClient\GDAXClient.csproj", "{454A0FAC-C580-4674-AE58-6D8E6658685B}"
EndProject
Project("{FAE04EC0-301F-11D3-BF4B-00C04F79EFBC}") = "GDAXClient.Specs", "GDAXClient.Specs\GDAXClient.Specs.csproj", "{3F1CF230-DEFD-4D8E-8BA5-B8CB86218800}"
EndProject
Project("{FAE04EC0-301F-11D3-BF4B-00C04F79EFBC}") = "ConsoleApp1", "ConsoleApp1\ConsoleApp1.csproj", "{83F2FD83-494B-47FC-A145-29A36F6B8920}"
EndProject
Global
	GlobalSection(SolutionConfigurationPlatforms) = preSolution
		Debug|Any CPU = Debug|Any CPU
		Release|Any CPU = Release|Any CPU
	EndGlobalSection
	GlobalSection(ProjectConfigurationPlatforms) = postSolution
		{454A0FAC-C580-4674-AE58-6D8E6658685B}.Debug|Any CPU.ActiveCfg = Debug|Any CPU
		{454A0FAC-C580-4674-AE58-6D8E6658685B}.Debug|Any CPU.Build.0 = Debug|Any CPU
		{454A0FAC-C580-4674-AE58-6D8E6658685B}.Release|Any CPU.ActiveCfg = Release|Any CPU
		{454A0FAC-C580-4674-AE58-6D8E6658685B}.Release|Any CPU.Build.0 = Release|Any CPU
		{3F1CF230-DEFD-4D8E-8BA5-B8CB86218800}.Debug|Any CPU.ActiveCfg = Debug|Any CPU
		{3F1CF230-DEFD-4D8E-8BA5-B8CB86218800}.Debug|Any CPU.Build.0 = Debug|Any CPU
		{3F1CF230-DEFD-4D8E-8BA5-B8CB86218800}.Release|Any CPU.ActiveCfg = Release|Any CPU
		{3F1CF230-DEFD-4D8E-8BA5-B8CB86218800}.Release|Any CPU.Build.0 = Release|Any CPU
		{83F2FD83-494B-47FC-A145-29A36F6B8920}.Debug|Any CPU.ActiveCfg = Debug|Any CPU
		{83F2FD83-494B-47FC-A145-29A36F6B8920}.Debug|Any CPU.Build.0 = Debug|Any CPU
		{83F2FD83-494B-47FC-A145-29A36F6B8920}.Release|Any CPU.ActiveCfg = Release|Any CPU
		{83F2FD83-494B-47FC-A145-29A36F6B8920}.Release|Any CPU.Build.0 = Release|Any CPU
	EndGlobalSection
	GlobalSection(SolutionProperties) = preSolution
		HideSolutionNode = FALSE
	EndGlobalSection
	GlobalSection(ExtensibilityGlobals) = postSolution
		SolutionGuid = {6269D9E6-23C0-40B9-81A5-2F11020F36D7}
	EndGlobalSection
EndGlobal
