
Microsoft Visual Studio Solution File, Format Version 12.00
# Visual Studio 15
VisualStudioVersion = 15.0.27130.2036
MinimumVisualStudioVersion = 10.0.40219.1
Project("{9A19103F-16F7-4668-BE54-9A1E7A4F7556}") = "GDAXSharp", "GDAXSharp\GDAXSharp.csproj", "{D55FD3A3-38E1-44CB-A00F-D307F07A27D5}"
EndProject
Project("{9A19103F-16F7-4668-BE54-9A1E7A4F7556}") = "GDAXSharp.Specs", "GDAXSharp.Specs\GDAXSharp.Specs.csproj", "{E92889F0-68B4-4677-A5CC-91D36E751F84}"
EndProject
Global
	GlobalSection(SolutionConfigurationPlatforms) = preSolution
		Debug|Any CPU = Debug|Any CPU
		Release|Any CPU = Release|Any CPU
	EndGlobalSection
	GlobalSection(ProjectConfigurationPlatforms) = postSolution
		{D55FD3A3-38E1-44CB-A00F-D307F07A27D5}.Debug|Any CPU.ActiveCfg = Debug|Any CPU
		{D55FD3A3-38E1-44CB-A00F-D307F07A27D5}.Debug|Any CPU.Build.0 = Debug|Any CPU
		{D55FD3A3-38E1-44CB-A00F-D307F07A27D5}.Release|Any CPU.ActiveCfg = Release|Any CPU
		{D55FD3A3-38E1-44CB-A00F-D307F07A27D5}.Release|Any CPU.Build.0 = Release|Any CPU
		{E92889F0-68B4-4677-A5CC-91D36E751F84}.Debug|Any CPU.ActiveCfg = Debug|Any CPU
		{E92889F0-68B4-4677-A5CC-91D36E751F84}.Debug|Any CPU.Build.0 = Debug|Any CPU
		{E92889F0-68B4-4677-A5CC-91D36E751F84}.Release|Any CPU.ActiveCfg = Release|Any CPU
		{E92889F0-68B4-4677-A5CC-91D36E751F84}.Release|Any CPU.Build.0 = Release|Any CPU
	EndGlobalSection
	GlobalSection(SolutionProperties) = preSolution
		HideSolutionNode = FALSE
	EndGlobalSection
	GlobalSection(ExtensibilityGlobals) = postSolution
		SolutionGuid = {1CD27C78-DE94-4972-B813-07F87861EF26}
	EndGlobalSection
EndGlobal
